
Microsoft Visual Studio Solution File, Format Version 12.00
# Visual Studio Version 17
VisualStudioVersion = 17.9.34728.123
MinimumVisualStudioVersion = 10.0.40219.1
Project("{FAE04EC0-301F-11D3-BF4B-00C04F79EFBC}") = "OgrenciBilgiSistemi", "OgrenciBilgiSistemi\OgrenciBilgiSistemi.csproj", "{1B568377-EDD2-4090-8540-3C3BC51D206A}"
EndProject
Global
	GlobalSection(SolutionConfigurationPlatforms) = preSolution
		Debug|Any CPU = Debug|Any CPU
		Release|Any CPU = Release|Any CPU
	EndGlobalSection
	GlobalSection(ProjectConfigurationPlatforms) = postSolution
		{1B568377-EDD2-4090-8540-3C3BC51D206A}.Debug|Any CPU.ActiveCfg = Debug|Any CPU
		{1B568377-EDD2-4090-8540-3C3BC51D206A}.Debug|Any CPU.Build.0 = Debug|Any CPU
		{1B568377-EDD2-4090-8540-3C3BC51D206A}.Release|Any CPU.ActiveCfg = Release|Any CPU
		{1B568377-EDD2-4090-8540-3C3BC51D206A}.Release|Any CPU.Build.0 = Release|Any CPU
	EndGlobalSection
	GlobalSection(SolutionProperties) = preSolution
		HideSolutionNode = FALSE
	EndGlobalSection
	GlobalSection(ExtensibilityGlobals) = postSolution
		SolutionGuid = {B889F36D-4724-422D-81B0-F9B4788264D4}
	EndGlobalSection
EndGlobal
